<?xml version="1.0" encoding="UTF-8"?>
<CodeBlocks_project_file>
	<FileVersion major="1" minor="6"/>
	<Project>
		<Option title="Shaggy"/>
		<Option makefile_is_custom="1"/>
		<Option compiler="gcc"/>
		<Option virtualFolders="CMake Files\;CMake Files\..\;CMake Files\..\..\;CMake Files\..\..\..\;CMake Files\..\..\..\..\;CMake Files\..\..\..\..\usr\;CMake Files\..\..\..\..\usr\lib64\;CMake Files\..\..\..\..\usr\lib64\cmake\;CMake Files\..\..\..\..\usr\lib64\cmake\SDL2\;"/>
		<Build>
			<Target title="all">
				<Option working_dir="/home/computerquip/ClionProjects/Shaggy"/>
				<Option type="4"/>
				<MakeCommands>
					<Build command="/usr/bin/make -j8 -f &quot;/home/computerquip/ClionProjects/Shaggy/Makefile&quot;  VERBOSE=1 all"/>
					<CompileFile command="/usr/bin/make -j8 -f &quot;/home/computerquip/ClionProjects/Shaggy/Makefile&quot;  VERBOSE=1 &quot;$file&quot;"/>
					<Clean command="/usr/bin/make -j8 -f &quot;/home/computerquip/ClionProjects/Shaggy/Makefile&quot;  VERBOSE=1 clean"/>
					<DistClean command="/usr/bin/make -j8 -f &quot;/home/computerquip/ClionProjects/Shaggy/Makefile&quot;  VERBOSE=1 clean"/>
				</MakeCommands>
			</Target>
			<Target title="edit_cache">
				<Option working_dir="/home/computerquip/ClionProjects/Shaggy"/>
				<Option type="4"/>
				<MakeCommands>
					<Build command="/usr/bin/make -j8 -f &quot;/home/computerquip/ClionProjects/Shaggy/Makefile&quot;  VERBOSE=1 edit_cache"/>
					<CompileFile command="/usr/bin/make -j8 -f &quot;/home/computerquip/ClionProjects/Shaggy/Makefile&quot;  VERBOSE=1 &quot;$file&quot;"/>
					<Clean command="/usr/bin/make -j8 -f &quot;/home/computerquip/ClionProjects/Shaggy/Makefile&quot;  VERBOSE=1 clean"/>
					<DistClean command="/usr/bin/make -j8 -f &quot;/home/computerquip/ClionProjects/Shaggy/Makefile&quot;  VERBOSE=1 clean"/>
				</MakeCommands>
			</Target>
			<Target title="rebuild_cache">
				<Option working_dir="/home/computerquip/ClionProjects/Shaggy"/>
				<Option type="4"/>
				<MakeCommands>
					<Build command="/usr/bin/make -j8 -f &quot;/home/computerquip/ClionProjects/Shaggy/Makefile&quot;  VERBOSE=1 rebuild_cache"/>
					<CompileFile command="/usr/bin/make -j8 -f &quot;/home/computerquip/ClionProjects/Shaggy/Makefile&quot;  VERBOSE=1 &quot;$file&quot;"/>
					<Clean command="/usr/bin/make -j8 -f &quot;/home/computerquip/ClionProjects/Shaggy/Makefile&quot;  VERBOSE=1 clean"/>
					<DistClean command="/usr/bin/make -j8 -f &quot;/home/computerquip/ClionProjects/Shaggy/Makefile&quot;  VERBOSE=1 clean"/>
				</MakeCommands>
			</Target>
			<Target title="Shaggy">
				<Option output="/home/computerquip/ClionProjects/Shaggy/Shaggy" prefix_auto="0" extension_auto="0"/>
				<Option working_dir="/home/computerquip/ClionProjects/Shaggy"/>
				<Option object_output="./"/>
				<Option type="1"/>
				<Option compiler="gcc"/>
				<Compiler>
					<Add directory="/usr/lib/gcc/x86_64-pc-linux-gnu/6.2.1/include"/>
					<Add directory="/usr/local/include"/>
					<Add directory="/usr/lib/gcc/x86_64-pc-linux-gnu/6.2.1/include-fixed"/>
					<Add directory="/usr/include"/>
					<Add directory="/usr/lib/gcc/x86_64-pc-linux-gnu/6.2.1/../../../../include/c++/6.2.1"/>
					<Add directory="/usr/lib/gcc/x86_64-pc-linux-gnu/6.2.1/../../../../include/c++/6.2.1/x86_64-pc-linux-gnu"/>
					<Add directory="/usr/lib/gcc/x86_64-pc-linux-gnu/6.2.1/../../../../include/c++/6.2.1/backward"/>
				</Compiler>
				<MakeCommands>
					<Build command="/usr/bin/make -j8 -f &quot;/home/computerquip/ClionProjects/Shaggy/Makefile&quot;  VERBOSE=1 Shaggy"/>
					<CompileFile command="/usr/bin/make -j8 -f &quot;/home/computerquip/ClionProjects/Shaggy/Makefile&quot;  VERBOSE=1 &quot;$file&quot;"/>
					<Clean command="/usr/bin/make -j8 -f &quot;/home/computerquip/ClionProjects/Shaggy/Makefile&quot;  VERBOSE=1 clean"/>
					<DistClean command="/usr/bin/make -j8 -f &quot;/home/computerquip/ClionProjects/Shaggy/Makefile&quot;  VERBOSE=1 clean"/>
				</MakeCommands>
			</Target>
			<Target title="Shaggy/fast">
				<Option output="/home/computerquip/ClionProjects/Shaggy/Shaggy" prefix_auto="0" extension_auto="0"/>
				<Option working_dir="/home/computerquip/ClionProjects/Shaggy"/>
				<Option object_output="./"/>
				<Option type="1"/>
				<Option compiler="gcc"/>
				<Compiler>
					<Add directory="/usr/lib/gcc/x86_64-pc-linux-gnu/6.2.1/include"/>
					<Add directory="/usr/local/include"/>
					<Add directory="/usr/lib/gcc/x86_64-pc-linux-gnu/6.2.1/include-fixed"/>
					<Add directory="/usr/include"/>
					<Add directory="/usr/lib/gcc/x86_64-pc-linux-gnu/6.2.1/../../../../include/c++/6.2.1"/>
					<Add directory="/usr/lib/gcc/x86_64-pc-linux-gnu/6.2.1/../../../../include/c++/6.2.1/x86_64-pc-linux-gnu"/>
					<Add directory="/usr/lib/gcc/x86_64-pc-linux-gnu/6.2.1/../../../../include/c++/6.2.1/backward"/>
				</Compiler>
				<MakeCommands>
					<Build command="/usr/bin/make -j8 -f &quot;/home/computerquip/ClionProjects/Shaggy/Makefile&quot;  VERBOSE=1 Shaggy/fast"/>
					<CompileFile command="/usr/bin/make -j8 -f &quot;/home/computerquip/ClionProjects/Shaggy/Makefile&quot;  VERBOSE=1 &quot;$file&quot;"/>
					<Clean command="/usr/bin/make -j8 -f &quot;/home/computerquip/ClionProjects/Shaggy/Makefile&quot;  VERBOSE=1 clean"/>
					<DistClean command="/usr/bin/make -j8 -f &quot;/home/computerquip/ClionProjects/Shaggy/Makefile&quot;  VERBOSE=1 clean"/>
				</MakeCommands>
			</Target>
		</Build>
		<Unit filename="/home/computerquip/ClionProjects/Shaggy/main.cpp">
			<Option target="Shaggy"/>
		</Unit>
		<Unit filename="/home/computerquip/ClionProjects/Shaggy/CMakeLists.txt">
			<Option virtualFolder="CMake Files\"/>
		</Unit>
		<Unit filename="/home/computerquip/ClionProjects/Shaggy/../../../../usr/lib64/cmake/SDL2/sdl2-config.cmake">
			<Option virtualFolder="CMake Files\..\..\..\..\usr\lib64\cmake\SDL2\"/>
		</Unit>
	</Project>
</CodeBlocks_project_file>
